
Microsoft Visual Studio Solution File, Format Version 12.00
# Visual Studio 14
VisualStudioVersion = 14.0.23107.0
MinimumVisualStudioVersion = 10.0.40219.1
Project("{FAE04EC0-301F-11D3-BF4B-00C04F79EFBC}") = "NClap", "NClap\NClap.csproj", "{C3ED7E97-9DB5-4035-A371-0D2B3DC3496D}"
EndProject
Project("{FAE04EC0-301F-11D3-BF4B-00C04F79EFBC}") = "NClap.Tests", "NClap.Tests\NClap.Tests.csproj", "{02B4A450-1F29-418F-AF1F-566CFAA3D16E}"
EndProject
Project("{2150E333-8FDC-42A3-9474-1A3956D46DE8}") = "Tests", "Tests", "{ABAF5B46-1B4B-44A3-B4A8-48AB7BC932DC}"
EndProject
Project("{2150E333-8FDC-42A3-9474-1A3956D46DE8}") = "Sources", "Sources", "{2DE5D9FD-182E-4429-A776-40FC8205597E}"
EndProject
Project("{FAE04EC0-301F-11D3-BF4B-00C04F79EFBC}") = "NClap.Repl.TestApp", "NClap.Repl.TestApp\NClap.Repl.TestApp.csproj", "{9CF023A5-7225-4EAA-B585-3E9DA8880609}"
EndProject
Project("{2150E333-8FDC-42A3-9474-1A3956D46DE8}") = "Metadata", "Metadata", "{56524B7F-84C2-4D6D-9CF6-4117B2ECB0B2}"
	ProjectSection(SolutionItems) = preProject
		..\appveyor.yml = ..\appveyor.yml
		..\LICENSE.txt = ..\LICENSE.txt
		..\README.md = ..\README.md
	EndProjectSection
EndProject
Global
	GlobalSection(SolutionConfigurationPlatforms) = preSolution
		Debug|Any CPU = Debug|Any CPU
		Release|Any CPU = Release|Any CPU
	EndGlobalSection
	GlobalSection(ProjectConfigurationPlatforms) = postSolution
		{C3ED7E97-9DB5-4035-A371-0D2B3DC3496D}.Debug|Any CPU.ActiveCfg = Debug|Any CPU
		{C3ED7E97-9DB5-4035-A371-0D2B3DC3496D}.Debug|Any CPU.Build.0 = Debug|Any CPU
		{C3ED7E97-9DB5-4035-A371-0D2B3DC3496D}.Release|Any CPU.ActiveCfg = Release|Any CPU
		{C3ED7E97-9DB5-4035-A371-0D2B3DC3496D}.Release|Any CPU.Build.0 = Release|Any CPU
		{02B4A450-1F29-418F-AF1F-566CFAA3D16E}.Debug|Any CPU.ActiveCfg = Debug|Any CPU
		{02B4A450-1F29-418F-AF1F-566CFAA3D16E}.Debug|Any CPU.Build.0 = Debug|Any CPU
		{02B4A450-1F29-418F-AF1F-566CFAA3D16E}.Release|Any CPU.ActiveCfg = Release|Any CPU
		{02B4A450-1F29-418F-AF1F-566CFAA3D16E}.Release|Any CPU.Build.0 = Release|Any CPU
		{9CF023A5-7225-4EAA-B585-3E9DA8880609}.Debug|Any CPU.ActiveCfg = Debug|Any CPU
		{9CF023A5-7225-4EAA-B585-3E9DA8880609}.Debug|Any CPU.Build.0 = Debug|Any CPU
		{9CF023A5-7225-4EAA-B585-3E9DA8880609}.Release|Any CPU.ActiveCfg = Release|Any CPU
		{9CF023A5-7225-4EAA-B585-3E9DA8880609}.Release|Any CPU.Build.0 = Release|Any CPU
	EndGlobalSection
	GlobalSection(SolutionProperties) = preSolution
		HideSolutionNode = FALSE
	EndGlobalSection
	GlobalSection(NestedProjects) = preSolution
		{C3ED7E97-9DB5-4035-A371-0D2B3DC3496D} = {2DE5D9FD-182E-4429-A776-40FC8205597E}
		{02B4A450-1F29-418F-AF1F-566CFAA3D16E} = {ABAF5B46-1B4B-44A3-B4A8-48AB7BC932DC}
		{9CF023A5-7225-4EAA-B585-3E9DA8880609} = {ABAF5B46-1B4B-44A3-B4A8-48AB7BC932DC}
	EndGlobalSection
EndGlobal
